
Microsoft Visual Studio Solution File, Format Version 12.00
Project("{FAE04EC0-301F-11D3-BF4B-00C04F79EFBC}") = "FourTwoCommando", "FourTwoCommando\FourTwoCommando.csproj", "{377E4A29-19EA-4F89-8970-0D9767158970}"
EndProject
Project("{FAE04EC0-301F-11D3-BF4B-00C04F79EFBC}") = "Data", "Data\Data.csproj", "{8F90187F-064C-4C0C-8D5F-4947B05D2D91}"
EndProject
Global
	GlobalSection(SolutionConfigurationPlatforms) = preSolution
		Debug|Any CPU = Debug|Any CPU
		Release|Any CPU = Release|Any CPU
	EndGlobalSection
	GlobalSection(ProjectConfigurationPlatforms) = postSolution
		{377E4A29-19EA-4F89-8970-0D9767158970}.Debug|Any CPU.ActiveCfg = Debug|Any CPU
		{377E4A29-19EA-4F89-8970-0D9767158970}.Debug|Any CPU.Build.0 = Debug|Any CPU
		{377E4A29-19EA-4F89-8970-0D9767158970}.Release|Any CPU.ActiveCfg = Release|Any CPU
		{377E4A29-19EA-4F89-8970-0D9767158970}.Release|Any CPU.Build.0 = Release|Any CPU
		{8F90187F-064C-4C0C-8D5F-4947B05D2D91}.Debug|Any CPU.ActiveCfg = Debug|Any CPU
		{8F90187F-064C-4C0C-8D5F-4947B05D2D91}.Debug|Any CPU.Build.0 = Debug|Any CPU
		{8F90187F-064C-4C0C-8D5F-4947B05D2D91}.Release|Any CPU.ActiveCfg = Release|Any CPU
		{8F90187F-064C-4C0C-8D5F-4947B05D2D91}.Release|Any CPU.Build.0 = Release|Any CPU
	EndGlobalSection
EndGlobal
